
Microsoft Visual Studio Solution File, Format Version 12.00
# Visual Studio Version 17
VisualStudioVersion = 17.5.002.0
MinimumVisualStudioVersion = 10.0.40219.1
Project("{9A19103F-16F7-4668-BE54-9A1E7A4F7556}") = "ApiGateway", "ApiGateway.csproj", "{3E4D92F7-8FB2-43A4-97C9-F590659E2FBD}"
EndProject
Global
	GlobalSection(SolutionConfigurationPlatforms) = preSolution
		Debug|Any CPU = Debug|Any CPU
		Release|Any CPU = Release|Any CPU
	EndGlobalSection
	GlobalSection(ProjectConfigurationPlatforms) = postSolution
		{3E4D92F7-8FB2-43A4-97C9-F590659E2FBD}.Debug|Any CPU.ActiveCfg = Debug|Any CPU
		{3E4D92F7-8FB2-43A4-97C9-F590659E2FBD}.Debug|Any CPU.Build.0 = Debug|Any CPU
		{3E4D92F7-8FB2-43A4-97C9-F590659E2FBD}.Release|Any CPU.ActiveCfg = Release|Any CPU
		{3E4D92F7-8FB2-43A4-97C9-F590659E2FBD}.Release|Any CPU.Build.0 = Release|Any CPU
	EndGlobalSection
	GlobalSection(SolutionProperties) = preSolution
		HideSolutionNode = FALSE
	EndGlobalSection
	GlobalSection(ExtensibilityGlobals) = postSolution
		SolutionGuid = {29905BDF-06F0-45F1-9507-EC7CED51FD92}
	EndGlobalSection
EndGlobal
